
Microsoft Visual Studio Solution File, Format Version 12.00
# Visual Studio Version 16
VisualStudioVersion = 16.0.30523.141
MinimumVisualStudioVersion = 10.0.40219.1
Project("{9A19103F-16F7-4668-BE54-9A1E7A4F7556}") = "AppMainWPFPC", "ST3Prj3AppMainWPFPC\AppMainWPFPC.csproj", "{90D3DCB9-2F5B-42CD-881A-EE307DCF1C20}"
EndProject
Project("{9A19103F-16F7-4668-BE54-9A1E7A4F7556}") = "MainAndWPFLogicCorePC", "ST3Prj3MainAndWPFLogicCorePC\MainAndWPFLogicCorePC.csproj", "{F68EBEEA-39AC-4CB7-9205-A95F30D55D34}"
EndProject
Project("{9A19103F-16F7-4668-BE54-9A1E7A4F7556}") = "WpfApp2", "WpfApp2\WpfApp2.csproj", "{69908FE0-BB55-4406-8DBC-8AF3B668880A}"
EndProject
Project("{9A19103F-16F7-4668-BE54-9A1E7A4F7556}") = "BusinessLogicCore", "ST3Prj3BusinessLogicCore\BusinessLogicCore.csproj", "{5304230F-BB2B-4C9D-9D5E-1B9AFCD2EB78}"
EndProject
Project("{9A19103F-16F7-4668-BE54-9A1E7A4F7556}") = "DataAccessLogicCore", "ST3Prj3DataAccessLogicCore\DataAccessLogicCore.csproj", "{F23AF5A8-E769-4B99-A1A9-3B28815775EB}"
EndProject
Project("{9A19103F-16F7-4668-BE54-9A1E7A4F7556}") = "DomaineCore", "ST3Prj3DomaineCore\DomaineCore.csproj", "{51315DCB-498C-438F-9148-851F0AE7A5D0}"
EndProject
Project("{9A19103F-16F7-4668-BE54-9A1E7A4F7556}") = "InterfacesCore", "ST3Prj3InterfacesCore\InterfacesCore.csproj", "{3DE28F2B-EC47-4EF2-B9D9-277EF59112F7}"
EndProject
Global
	GlobalSection(SolutionConfigurationPlatforms) = preSolution
		Debug|Any CPU = Debug|Any CPU
		Release|Any CPU = Release|Any CPU
	EndGlobalSection
	GlobalSection(ProjectConfigurationPlatforms) = postSolution
		{90D3DCB9-2F5B-42CD-881A-EE307DCF1C20}.Debug|Any CPU.ActiveCfg = Debug|Any CPU
		{90D3DCB9-2F5B-42CD-881A-EE307DCF1C20}.Debug|Any CPU.Build.0 = Debug|Any CPU
		{90D3DCB9-2F5B-42CD-881A-EE307DCF1C20}.Release|Any CPU.ActiveCfg = Release|Any CPU
		{90D3DCB9-2F5B-42CD-881A-EE307DCF1C20}.Release|Any CPU.Build.0 = Release|Any CPU
		{F68EBEEA-39AC-4CB7-9205-A95F30D55D34}.Debug|Any CPU.ActiveCfg = Debug|Any CPU
		{F68EBEEA-39AC-4CB7-9205-A95F30D55D34}.Debug|Any CPU.Build.0 = Debug|Any CPU
		{F68EBEEA-39AC-4CB7-9205-A95F30D55D34}.Release|Any CPU.ActiveCfg = Release|Any CPU
		{F68EBEEA-39AC-4CB7-9205-A95F30D55D34}.Release|Any CPU.Build.0 = Release|Any CPU
		{69908FE0-BB55-4406-8DBC-8AF3B668880A}.Debug|Any CPU.ActiveCfg = Debug|Any CPU
		{69908FE0-BB55-4406-8DBC-8AF3B668880A}.Debug|Any CPU.Build.0 = Debug|Any CPU
		{69908FE0-BB55-4406-8DBC-8AF3B668880A}.Release|Any CPU.ActiveCfg = Release|Any CPU
		{69908FE0-BB55-4406-8DBC-8AF3B668880A}.Release|Any CPU.Build.0 = Release|Any CPU
		{5304230F-BB2B-4C9D-9D5E-1B9AFCD2EB78}.Debug|Any CPU.ActiveCfg = Debug|Any CPU
		{5304230F-BB2B-4C9D-9D5E-1B9AFCD2EB78}.Debug|Any CPU.Build.0 = Debug|Any CPU
		{5304230F-BB2B-4C9D-9D5E-1B9AFCD2EB78}.Release|Any CPU.ActiveCfg = Release|Any CPU
		{5304230F-BB2B-4C9D-9D5E-1B9AFCD2EB78}.Release|Any CPU.Build.0 = Release|Any CPU
		{F23AF5A8-E769-4B99-A1A9-3B28815775EB}.Debug|Any CPU.ActiveCfg = Debug|Any CPU
		{F23AF5A8-E769-4B99-A1A9-3B28815775EB}.Debug|Any CPU.Build.0 = Debug|Any CPU
		{F23AF5A8-E769-4B99-A1A9-3B28815775EB}.Release|Any CPU.ActiveCfg = Release|Any CPU
		{F23AF5A8-E769-4B99-A1A9-3B28815775EB}.Release|Any CPU.Build.0 = Release|Any CPU
		{51315DCB-498C-438F-9148-851F0AE7A5D0}.Debug|Any CPU.ActiveCfg = Debug|Any CPU
		{51315DCB-498C-438F-9148-851F0AE7A5D0}.Debug|Any CPU.Build.0 = Debug|Any CPU
		{51315DCB-498C-438F-9148-851F0AE7A5D0}.Release|Any CPU.ActiveCfg = Release|Any CPU
		{51315DCB-498C-438F-9148-851F0AE7A5D0}.Release|Any CPU.Build.0 = Release|Any CPU
		{3DE28F2B-EC47-4EF2-B9D9-277EF59112F7}.Debug|Any CPU.ActiveCfg = Debug|Any CPU
		{3DE28F2B-EC47-4EF2-B9D9-277EF59112F7}.Debug|Any CPU.Build.0 = Debug|Any CPU
		{3DE28F2B-EC47-4EF2-B9D9-277EF59112F7}.Release|Any CPU.ActiveCfg = Release|Any CPU
		{3DE28F2B-EC47-4EF2-B9D9-277EF59112F7}.Release|Any CPU.Build.0 = Release|Any CPU
	EndGlobalSection
	GlobalSection(SolutionProperties) = preSolution
		HideSolutionNode = FALSE
	EndGlobalSection
	GlobalSection(ExtensibilityGlobals) = postSolution
		SolutionGuid = {6427E5C2-A117-4BD5-9038-24AC7C3E9151}
	EndGlobalSection
EndGlobal
