
Microsoft Visual Studio Solution File, Format Version 12.00
# Visual Studio Version 16
VisualStudioVersion = 16.0.30523.141
MinimumVisualStudioVersion = 10.0.40219.1
Project("{9A19103F-16F7-4668-BE54-9A1E7A4F7556}") = "BusinessLogicCore", "ST3Prj3BusinessLogicCore\BusinessLogicCore.csproj", "{F8485F94-73B0-4DD5-A347-5EED25D276E7}"
EndProject
Project("{9A19103F-16F7-4668-BE54-9A1E7A4F7556}") = "DataAccessLogicCore", "ST3Prj3DataAccessLogicCore\DataAccessLogicCore.csproj", "{AED7BA7E-0038-4B62-97C7-A3AA04A8E912}"
EndProject
Project("{9A19103F-16F7-4668-BE54-9A1E7A4F7556}") = "DomaineCore", "ST3Prj3DomaineCore\DomaineCore.csproj", "{2B344BBA-A27C-4474-B6B6-BDB8ECA3820A}"
EndProject
Project("{9A19103F-16F7-4668-BE54-9A1E7A4F7556}") = "InterfacesCore", "ST3Prj3InterfacesCore\InterfacesCore.csproj", "{38C16090-E27B-4A05-9890-57C596F1D556}"
EndProject
Project("{9A19103F-16F7-4668-BE54-9A1E7A4F7556}") = "RPIMain", "RPIMain\RPIMain.csproj", "{BAA8F283-2F4B-4105-A9D6-F30006B08AE8}"
EndProject
Project("{9A19103F-16F7-4668-BE54-9A1E7A4F7556}") = "TestConsoleProject", "TestConsoleProject\TestConsoleProject.csproj", "{A2DEF937-E3F1-4D1A-ADF6-51E52A7CD36E}"
EndProject
Project("{9A19103F-16F7-4668-BE54-9A1E7A4F7556}") = "PRJ3UDPListenerTest", "..\PRJ3UDPListenerTest\PRJ3UDPListenerTest.csproj", "{6782400E-EA2F-4EBE-933C-1778787874CF}"
EndProject
Global
	GlobalSection(SolutionConfigurationPlatforms) = preSolution
		Debug|Any CPU = Debug|Any CPU
		Release|Any CPU = Release|Any CPU
	EndGlobalSection
	GlobalSection(ProjectConfigurationPlatforms) = postSolution
		{F8485F94-73B0-4DD5-A347-5EED25D276E7}.Debug|Any CPU.ActiveCfg = Debug|Any CPU
		{F8485F94-73B0-4DD5-A347-5EED25D276E7}.Debug|Any CPU.Build.0 = Debug|Any CPU
		{F8485F94-73B0-4DD5-A347-5EED25D276E7}.Release|Any CPU.ActiveCfg = Release|Any CPU
		{F8485F94-73B0-4DD5-A347-5EED25D276E7}.Release|Any CPU.Build.0 = Release|Any CPU
		{AED7BA7E-0038-4B62-97C7-A3AA04A8E912}.Debug|Any CPU.ActiveCfg = Debug|Any CPU
		{AED7BA7E-0038-4B62-97C7-A3AA04A8E912}.Debug|Any CPU.Build.0 = Debug|Any CPU
		{AED7BA7E-0038-4B62-97C7-A3AA04A8E912}.Release|Any CPU.ActiveCfg = Release|Any CPU
		{AED7BA7E-0038-4B62-97C7-A3AA04A8E912}.Release|Any CPU.Build.0 = Release|Any CPU
		{2B344BBA-A27C-4474-B6B6-BDB8ECA3820A}.Debug|Any CPU.ActiveCfg = Debug|Any CPU
		{2B344BBA-A27C-4474-B6B6-BDB8ECA3820A}.Debug|Any CPU.Build.0 = Debug|Any CPU
		{2B344BBA-A27C-4474-B6B6-BDB8ECA3820A}.Release|Any CPU.ActiveCfg = Release|Any CPU
		{2B344BBA-A27C-4474-B6B6-BDB8ECA3820A}.Release|Any CPU.Build.0 = Release|Any CPU
		{38C16090-E27B-4A05-9890-57C596F1D556}.Debug|Any CPU.ActiveCfg = Debug|Any CPU
		{38C16090-E27B-4A05-9890-57C596F1D556}.Debug|Any CPU.Build.0 = Debug|Any CPU
		{38C16090-E27B-4A05-9890-57C596F1D556}.Release|Any CPU.ActiveCfg = Release|Any CPU
		{38C16090-E27B-4A05-9890-57C596F1D556}.Release|Any CPU.Build.0 = Release|Any CPU
		{BAA8F283-2F4B-4105-A9D6-F30006B08AE8}.Debug|Any CPU.ActiveCfg = Debug|Any CPU
		{BAA8F283-2F4B-4105-A9D6-F30006B08AE8}.Debug|Any CPU.Build.0 = Debug|Any CPU
		{BAA8F283-2F4B-4105-A9D6-F30006B08AE8}.Release|Any CPU.ActiveCfg = Release|Any CPU
		{BAA8F283-2F4B-4105-A9D6-F30006B08AE8}.Release|Any CPU.Build.0 = Release|Any CPU
		{A2DEF937-E3F1-4D1A-ADF6-51E52A7CD36E}.Debug|Any CPU.ActiveCfg = Debug|Any CPU
		{A2DEF937-E3F1-4D1A-ADF6-51E52A7CD36E}.Debug|Any CPU.Build.0 = Debug|Any CPU
		{A2DEF937-E3F1-4D1A-ADF6-51E52A7CD36E}.Release|Any CPU.ActiveCfg = Release|Any CPU
		{A2DEF937-E3F1-4D1A-ADF6-51E52A7CD36E}.Release|Any CPU.Build.0 = Release|Any CPU
		{6782400E-EA2F-4EBE-933C-1778787874CF}.Debug|Any CPU.ActiveCfg = Debug|Any CPU
		{6782400E-EA2F-4EBE-933C-1778787874CF}.Debug|Any CPU.Build.0 = Debug|Any CPU
		{6782400E-EA2F-4EBE-933C-1778787874CF}.Release|Any CPU.ActiveCfg = Release|Any CPU
		{6782400E-EA2F-4EBE-933C-1778787874CF}.Release|Any CPU.Build.0 = Release|Any CPU
	EndGlobalSection
	GlobalSection(SolutionProperties) = preSolution
		HideSolutionNode = FALSE
	EndGlobalSection
	GlobalSection(ExtensibilityGlobals) = postSolution
		SolutionGuid = {6427E5C2-A117-4BD5-9038-24AC7C3E9151}
	EndGlobalSection
EndGlobal
