
Microsoft Visual Studio Solution File, Format Version 12.00
# Visual Studio Version 16
VisualStudioVersion = 16.0.30523.141
MinimumVisualStudioVersion = 10.0.40219.1
Project("{9A19103F-16F7-4668-BE54-9A1E7A4F7556}") = "BusinessLogicCore", "ST3Prj3BusinessLogicCore\BusinessLogicCore.csproj", "{F8485F94-73B0-4DD5-A347-5EED25D276E7}"
EndProject
Project("{9A19103F-16F7-4668-BE54-9A1E7A4F7556}") = "DataAccessLogicCore", "ST3Prj3DataAccessLogicCore\DataAccessLogicCore.csproj", "{AED7BA7E-0038-4B62-97C7-A3AA04A8E912}"
EndProject
Project("{9A19103F-16F7-4668-BE54-9A1E7A4F7556}") = "DomaineCore", "ST3Prj3DomaineCore\DomaineCore.csproj", "{2B344BBA-A27C-4474-B6B6-BDB8ECA3820A}"
EndProject
Project("{9A19103F-16F7-4668-BE54-9A1E7A4F7556}") = "InterfacesCore", "ST3Prj3InterfacesCore\InterfacesCore.csproj", "{38C16090-E27B-4A05-9890-57C596F1D556}"
EndProject
Project("{9A19103F-16F7-4668-BE54-9A1E7A4F7556}") = "RPIMain", "RPIMain\RPIMain.csproj", "{BAA8F283-2F4B-4105-A9D6-F30006B08AE8}"
EndProject
Project("{9A19103F-16F7-4668-BE54-9A1E7A4F7556}") = "TestConsoleProject", "TestConsoleProject\TestConsoleProject.csproj", "{A2DEF937-E3F1-4D1A-ADF6-51E52A7CD36E}"
EndProject
Project("{9A19103F-16F7-4668-BE54-9A1E7A4F7556}") = "RPIMain", "RPITest\RPIMain.csproj", "{2C934D9A-B31D-4430-9242-6CDB2E4986F6}"
EndProject
Project("{9A19103F-16F7-4668-BE54-9A1E7A4F7556}") = "UDPListenerTestProject", "UDPListenerTestProject\UDPListenerTestProject.csproj", "{833B2FBD-6B93-4C3E-8C34-738F4810418F}"
EndProject
Project("{2150E333-8FDC-42A3-9474-1A3956D46DE8}") = "Org", "Org", "{1A6B6B51-81EA-49AB-91E3-E897FC3A4809}"
EndProject
Project("{9A19103F-16F7-4668-BE54-9A1E7A4F7556}") = "Presentation", "Presentation\Presentation.csproj", "{FCE35E04-9EA8-4490-B4BB-2F3AC1F438C3}"
EndProject
Project("{9A19103F-16F7-4668-BE54-9A1E7A4F7556}") = "Domain", "ST3Prj3DomaineCore\Domain.csproj", "{A382F3D6-E1AC-4A1B-8012-46AD5E9DDE97}"
EndProject
Project("{9A19103F-16F7-4668-BE54-9A1E7A4F7556}") = "BusinessLogic", "ST3Prj3BusinessLogicCore\BusinessLogic.csproj", "{09C6415B-FD9D-43FE-BDF7-816D35D53DB3}"
EndProject
Project("{9A19103F-16F7-4668-BE54-9A1E7A4F7556}") = "DataAccessLogic", "ST3Prj3DataAccessLogicCore\DataAccessLogic.csproj", "{7FD08F80-29A8-4068-94BC-6AFF6335B96C}"
EndProject
Project("{9A19103F-16F7-4668-BE54-9A1E7A4F7556}") = "Interfaces", "Interfaces\Interfaces.csproj", "{72378B5F-ED99-49EF-A6DF-B93A8F1FE752}"
EndProject
Project("{FAE04EC0-301F-11D3-BF4B-00C04F79EFBC}") = "NUnitTestRPi", "NUnitTestRPi\NUnitTestRPi.csproj", "{48EC5AE2-C1E4-4845-B76E-2DEE486DF816}"
EndProject
Global
	GlobalSection(SolutionConfigurationPlatforms) = preSolution
		Debug|Any CPU = Debug|Any CPU
		Release|Any CPU = Release|Any CPU
	EndGlobalSection
	GlobalSection(ProjectConfigurationPlatforms) = postSolution
		{F8485F94-73B0-4DD5-A347-5EED25D276E7}.Debug|Any CPU.ActiveCfg = Debug|Any CPU
		{F8485F94-73B0-4DD5-A347-5EED25D276E7}.Debug|Any CPU.Build.0 = Debug|Any CPU
		{F8485F94-73B0-4DD5-A347-5EED25D276E7}.Release|Any CPU.ActiveCfg = Release|Any CPU
		{F8485F94-73B0-4DD5-A347-5EED25D276E7}.Release|Any CPU.Build.0 = Release|Any CPU
		{AED7BA7E-0038-4B62-97C7-A3AA04A8E912}.Debug|Any CPU.ActiveCfg = Debug|Any CPU
		{AED7BA7E-0038-4B62-97C7-A3AA04A8E912}.Debug|Any CPU.Build.0 = Debug|Any CPU
		{AED7BA7E-0038-4B62-97C7-A3AA04A8E912}.Release|Any CPU.ActiveCfg = Release|Any CPU
		{AED7BA7E-0038-4B62-97C7-A3AA04A8E912}.Release|Any CPU.Build.0 = Release|Any CPU
		{2B344BBA-A27C-4474-B6B6-BDB8ECA3820A}.Debug|Any CPU.ActiveCfg = Debug|Any CPU
		{2B344BBA-A27C-4474-B6B6-BDB8ECA3820A}.Debug|Any CPU.Build.0 = Debug|Any CPU
		{2B344BBA-A27C-4474-B6B6-BDB8ECA3820A}.Release|Any CPU.ActiveCfg = Release|Any CPU
		{2B344BBA-A27C-4474-B6B6-BDB8ECA3820A}.Release|Any CPU.Build.0 = Release|Any CPU
		{38C16090-E27B-4A05-9890-57C596F1D556}.Debug|Any CPU.ActiveCfg = Debug|Any CPU
		{38C16090-E27B-4A05-9890-57C596F1D556}.Debug|Any CPU.Build.0 = Debug|Any CPU
		{38C16090-E27B-4A05-9890-57C596F1D556}.Release|Any CPU.ActiveCfg = Release|Any CPU
		{38C16090-E27B-4A05-9890-57C596F1D556}.Release|Any CPU.Build.0 = Release|Any CPU
		{BAA8F283-2F4B-4105-A9D6-F30006B08AE8}.Debug|Any CPU.ActiveCfg = Debug|Any CPU
		{BAA8F283-2F4B-4105-A9D6-F30006B08AE8}.Debug|Any CPU.Build.0 = Debug|Any CPU
		{BAA8F283-2F4B-4105-A9D6-F30006B08AE8}.Release|Any CPU.ActiveCfg = Release|Any CPU
		{BAA8F283-2F4B-4105-A9D6-F30006B08AE8}.Release|Any CPU.Build.0 = Release|Any CPU
		{A2DEF937-E3F1-4D1A-ADF6-51E52A7CD36E}.Debug|Any CPU.ActiveCfg = Debug|Any CPU
		{A2DEF937-E3F1-4D1A-ADF6-51E52A7CD36E}.Debug|Any CPU.Build.0 = Debug|Any CPU
		{A2DEF937-E3F1-4D1A-ADF6-51E52A7CD36E}.Release|Any CPU.ActiveCfg = Release|Any CPU
		{A2DEF937-E3F1-4D1A-ADF6-51E52A7CD36E}.Release|Any CPU.Build.0 = Release|Any CPU
		{2C934D9A-B31D-4430-9242-6CDB2E4986F6}.Debug|Any CPU.ActiveCfg = Debug|Any CPU
		{2C934D9A-B31D-4430-9242-6CDB2E4986F6}.Debug|Any CPU.Build.0 = Debug|Any CPU
		{2C934D9A-B31D-4430-9242-6CDB2E4986F6}.Release|Any CPU.ActiveCfg = Release|Any CPU
		{2C934D9A-B31D-4430-9242-6CDB2E4986F6}.Release|Any CPU.Build.0 = Release|Any CPU
		{833B2FBD-6B93-4C3E-8C34-738F4810418F}.Debug|Any CPU.ActiveCfg = Debug|Any CPU
		{833B2FBD-6B93-4C3E-8C34-738F4810418F}.Debug|Any CPU.Build.0 = Debug|Any CPU
		{833B2FBD-6B93-4C3E-8C34-738F4810418F}.Release|Any CPU.ActiveCfg = Release|Any CPU
		{833B2FBD-6B93-4C3E-8C34-738F4810418F}.Release|Any CPU.Build.0 = Release|Any CPU
		{FCE35E04-9EA8-4490-B4BB-2F3AC1F438C3}.Debug|Any CPU.ActiveCfg = Debug|Any CPU
		{FCE35E04-9EA8-4490-B4BB-2F3AC1F438C3}.Debug|Any CPU.Build.0 = Debug|Any CPU
		{FCE35E04-9EA8-4490-B4BB-2F3AC1F438C3}.Release|Any CPU.ActiveCfg = Release|Any CPU
		{FCE35E04-9EA8-4490-B4BB-2F3AC1F438C3}.Release|Any CPU.Build.0 = Release|Any CPU
		{A382F3D6-E1AC-4A1B-8012-46AD5E9DDE97}.Debug|Any CPU.ActiveCfg = Debug|Any CPU
		{A382F3D6-E1AC-4A1B-8012-46AD5E9DDE97}.Debug|Any CPU.Build.0 = Debug|Any CPU
		{A382F3D6-E1AC-4A1B-8012-46AD5E9DDE97}.Release|Any CPU.ActiveCfg = Release|Any CPU
		{A382F3D6-E1AC-4A1B-8012-46AD5E9DDE97}.Release|Any CPU.Build.0 = Release|Any CPU
		{09C6415B-FD9D-43FE-BDF7-816D35D53DB3}.Debug|Any CPU.ActiveCfg = Debug|Any CPU
		{09C6415B-FD9D-43FE-BDF7-816D35D53DB3}.Debug|Any CPU.Build.0 = Debug|Any CPU
		{09C6415B-FD9D-43FE-BDF7-816D35D53DB3}.Release|Any CPU.ActiveCfg = Release|Any CPU
		{09C6415B-FD9D-43FE-BDF7-816D35D53DB3}.Release|Any CPU.Build.0 = Release|Any CPU
		{7FD08F80-29A8-4068-94BC-6AFF6335B96C}.Debug|Any CPU.ActiveCfg = Debug|Any CPU
		{7FD08F80-29A8-4068-94BC-6AFF6335B96C}.Debug|Any CPU.Build.0 = Debug|Any CPU
		{7FD08F80-29A8-4068-94BC-6AFF6335B96C}.Release|Any CPU.ActiveCfg = Release|Any CPU
		{7FD08F80-29A8-4068-94BC-6AFF6335B96C}.Release|Any CPU.Build.0 = Release|Any CPU
		{72378B5F-ED99-49EF-A6DF-B93A8F1FE752}.Debug|Any CPU.ActiveCfg = Debug|Any CPU
		{72378B5F-ED99-49EF-A6DF-B93A8F1FE752}.Debug|Any CPU.Build.0 = Debug|Any CPU
		{72378B5F-ED99-49EF-A6DF-B93A8F1FE752}.Release|Any CPU.ActiveCfg = Release|Any CPU
		{72378B5F-ED99-49EF-A6DF-B93A8F1FE752}.Release|Any CPU.Build.0 = Release|Any CPU
		{48EC5AE2-C1E4-4845-B76E-2DEE486DF816}.Debug|Any CPU.ActiveCfg = Debug|Any CPU
		{48EC5AE2-C1E4-4845-B76E-2DEE486DF816}.Debug|Any CPU.Build.0 = Debug|Any CPU
		{48EC5AE2-C1E4-4845-B76E-2DEE486DF816}.Release|Any CPU.ActiveCfg = Release|Any CPU
		{48EC5AE2-C1E4-4845-B76E-2DEE486DF816}.Release|Any CPU.Build.0 = Release|Any CPU
	EndGlobalSection
	GlobalSection(SolutionProperties) = preSolution
		HideSolutionNode = FALSE
	EndGlobalSection
	GlobalSection(NestedProjects) = preSolution
		{F8485F94-73B0-4DD5-A347-5EED25D276E7} = {1A6B6B51-81EA-49AB-91E3-E897FC3A4809}
		{AED7BA7E-0038-4B62-97C7-A3AA04A8E912} = {1A6B6B51-81EA-49AB-91E3-E897FC3A4809}
		{2B344BBA-A27C-4474-B6B6-BDB8ECA3820A} = {1A6B6B51-81EA-49AB-91E3-E897FC3A4809}
		{38C16090-E27B-4A05-9890-57C596F1D556} = {1A6B6B51-81EA-49AB-91E3-E897FC3A4809}
		{BAA8F283-2F4B-4105-A9D6-F30006B08AE8} = {1A6B6B51-81EA-49AB-91E3-E897FC3A4809}
		{A2DEF937-E3F1-4D1A-ADF6-51E52A7CD36E} = {1A6B6B51-81EA-49AB-91E3-E897FC3A4809}
		{833B2FBD-6B93-4C3E-8C34-738F4810418F} = {1A6B6B51-81EA-49AB-91E3-E897FC3A4809}
	EndGlobalSection
	GlobalSection(ExtensibilityGlobals) = postSolution
		SolutionGuid = {6427E5C2-A117-4BD5-9038-24AC7C3E9151}
	EndGlobalSection
EndGlobal
